
Microsoft Visual Studio Solution File, Format Version 12.00
# Visual Studio Version 17
VisualStudioVersion = 17.9.34723.18
MinimumVisualStudioVersion = 10.0.40219.1
Project("{FAE04EC0-301F-11D3-BF4B-00C04F79EFBC}") = "WinFormsApp6", "WinFormsApp6\WinFormsApp6.csproj", "{CC2577BA-205C-435E-9484-8D5AACDB1222}"
EndProject
Global
	GlobalSection(SolutionConfigurationPlatforms) = preSolution
		Debug|Any CPU = Debug|Any CPU
		Release|Any CPU = Release|Any CPU
	EndGlobalSection
	GlobalSection(ProjectConfigurationPlatforms) = postSolution
		{CC2577BA-205C-435E-9484-8D5AACDB1222}.Debug|Any CPU.ActiveCfg = Debug|Any CPU
		{CC2577BA-205C-435E-9484-8D5AACDB1222}.Debug|Any CPU.Build.0 = Debug|Any CPU
		{CC2577BA-205C-435E-9484-8D5AACDB1222}.Release|Any CPU.ActiveCfg = Release|Any CPU
		{CC2577BA-205C-435E-9484-8D5AACDB1222}.Release|Any CPU.Build.0 = Release|Any CPU
	EndGlobalSection
	GlobalSection(SolutionProperties) = preSolution
		HideSolutionNode = FALSE
	EndGlobalSection
	GlobalSection(ExtensibilityGlobals) = postSolution
		SolutionGuid = {2A890A8F-D150-473C-BC4A-DCDCC8B72909}
	EndGlobalSection
EndGlobal
